dependencies:
- name: challenge-manager
  repository: file://charts/challenge-manager
  version: 0.1.0
- name: platform
  repository: file://charts/platform
  version: 0.1.0
- name: traefik
  repository: https://helm.traefik.io/traefik
  version: 34.2.0
digest: sha256:0f7a2be7659a7eab712e1335fa225f939bbb4ded553ffc14c08087efe3e94d98
generated: "2025-02-03T15:40:28.398105214+03:00"
